<?xml version="1.0" encoding="utf-8"?>
<Project ToolsVersion="4.0" xmlns="http://schemas.microsoft.com/developer/msbuild/2003">
  <ItemGroup>
    <Filter Include="Source Files">
      <UniqueIdentifier>{4FC737F1-C7A5-4376-A066-2A32D752A2FF}</UniqueIdentifier>
      <Extensions>cpp;c;cc;cxx;def;odl;idl;hpj;bat;asm;asmx</Extensions>
    </Filter>
    <Filter Include="Header Files">
      <UniqueIdentifier>{93995380-89BD-4b04-88EB-625FBE52EBFB}</UniqueIdentifier>
      <Extensions>h;hh;hpp;hxx;hm;inl;inc;ipp;xsd</Extensions>
    </Filter>
    <Filter Include="Resource Files">
      <UniqueIdentifier>{67DA6AB6-F800-4c08-8B7A-83BB121AAD01}</UniqueIdentifier>
      <Extensions>rc;ico;cur;bmp;dlg;rc2;rct;bin;rgs;gif;jpg;jpeg;jpe;resx;tiff;tif;png;wav;mfcribbon-ms</Extensions>
    </Filter>
    <Filter Include="Resource Files\shaders">
      <UniqueIdentifier>{112a976a-bbef-4724-8ae3-7a0139178b17}</UniqueIdentifier>
    </Filter>
    <Filter Include="Header Files\foton">
      <UniqueIdentifier>{3c49f6f3-1ec1-46b9-b21e-396a10ab33ad}</UniqueIdentifier>
    </Filter>
    <Filter Include="Header Files\foton\gl">
      <UniqueIdentifier>{0baba027-388e-4492-90e5-f659a3178c34}</UniqueIdentifier>
    </Filter>
    <Filter Include="Resource Files\models">
      <UniqueIdentifier>{cc4290af-70ca-4bde-bea6-e8bc7b09276e}</UniqueIdentifier>
    </Filter>
    <Filter Include="Header Files\soundio">
      <UniqueIdentifier>{e86449a5-f3fa-4d9d-82fa-b7c393329352}</UniqueIdentifier>
    </Filter>
    <Filter Include="Header Files\foton\audio">
      <UniqueIdentifier>{e900104e-d93f-4cf8-b799-063f21567681}</UniqueIdentifier>
    </Filter>
  </ItemGroup>
  <ItemGroup>
    <ClInclude Include="pch.h">
      <Filter>Header Files</Filter>
    </ClInclude>
    <ClInclude Include="include\drawer.hpp">
      <Filter>Header Files\foton</Filter>
    </ClInclude>
    <ClInclude Include="include\window.hpp">
      <Filter>Header Files\foton</Filter>
    </ClInclude>
    <ClInclude Include="include\gl\gl_objects.hpp">
      <Filter>Header Files\foton\gl</Filter>
    </ClInclude>
    <ClInclude Include="include\model.hpp">
      <Filter>Header Files\foton</Filter>
    </ClInclude>
    <ClInclude Include="2D.hpp">
      <Filter>Header Files\foton</Filter>
    </ClInclude>
    <ClInclude Include="include\3D.hpp">
      <Filter>Header Files\foton</Filter>
    </ClInclude>
    <ClInclude Include="include\gl\shader.hpp">
      <Filter>Header Files\foton\gl</Filter>
    </ClInclude>
    <ClInclude Include="include\soundio\endian.h">
      <Filter>Header Files\soundio</Filter>
    </ClInclude>
    <ClInclude Include="include\soundio\soundio.h">
      <Filter>Header Files\soundio</Filter>
    </ClInclude>
    <ClInclude Include="include\audio\sound.hpp">
      <Filter>Header Files\foton\audio</Filter>
    </ClInclude>
    <ClInclude Include="include\mutex.hpp">
      <Filter>Header Files\foton</Filter>
    </ClInclude>
    <ClInclude Include="include\audio\soundio_cpp.hpp">
      <Filter>Header Files\foton\audio</Filter>
    </ClInclude>
  </ItemGroup>
  <ItemGroup>
    <ClCompile Include="pch.cpp">
      <Filter>Source Files</Filter>
    </ClCompile>
    <ClCompile Include="Foton.cpp">
      <Filter>Source Files</Filter>
    </ClCompile>
  </ItemGroup>
  <ItemGroup>
    <None Include="packages.config" />
    <None Include="resources\shaders\shapes.geom">
      <Filter>Resource Files\shaders</Filter>
    </None>
    <None Include="resources\models\bunny.obj">
      <Filter>Resource Files\models</Filter>
    </None>
    <None Include="resources\shaders\test1.vert">
      <Filter>Resource Files\shaders</Filter>
    </None>
    <None Include="resources\shaders\test1.frag">
      <Filter>Resource Files\shaders</Filter>
    </None>
  </ItemGroup>
</Project>